
Microsoft Visual Studio Solution File, Format Version 12.00
# Visual Studio Version 16
VisualStudioVersion = 16.0.30804.86
MinimumVisualStudioVersion = 10.0.40219.1
Project("{FAE04EC0-301F-11D3-BF4B-00C04F79EFBC}") = "MLIntro", "MLIntro\MLIntro.csproj", "{9CCFE83C-9BDE-4FF6-89AD-BCCD82B5DBDC}"
EndProject
Project("{FAE04EC0-301F-11D3-BF4B-00C04F79EFBC}") = "LinearRegressionFromScratch", "LinearRegressionFromScratch\LinearRegressionFromScratch.csproj", "{02E7382D-64F9-40C2-8B93-A7DDB5D00155}"
EndProject
Project("{FAE04EC0-301F-11D3-BF4B-00C04F79EFBC}") = "MultipleLinearRegressionFromScratch", "MultipleLinearRegressionFromScratch\MultipleLinearRegressionFromScratch.csproj", "{EFF509DF-0F99-49A2-91AC-674AC48AE622}"
EndProject
Project("{FAE04EC0-301F-11D3-BF4B-00C04F79EFBC}") = "LinearRegressionMLNET", "LinearRegressionMLNET\LinearRegressionMLNET.csproj", "{4DAF0D87-79F5-4454-8015-4B20EB046AD3}"
EndProject
Project("{2150E333-8FDC-42A3-9474-1A3956D46DE8}") = "NETML", "NETML", "{40F15A36-959E-48E9-AAA3-B1521A519747}"
	ProjectSection(SolutionItems) = preProject
		MLIntro\README.md = MLIntro\README.md
	EndProjectSection
EndProject
Global
	GlobalSection(SolutionConfigurationPlatforms) = preSolution
		Debug|Any CPU = Debug|Any CPU
		Release|Any CPU = Release|Any CPU
	EndGlobalSection
	GlobalSection(ProjectConfigurationPlatforms) = postSolution
		{9CCFE83C-9BDE-4FF6-89AD-BCCD82B5DBDC}.Debug|Any CPU.ActiveCfg = Debug|Any CPU
		{9CCFE83C-9BDE-4FF6-89AD-BCCD82B5DBDC}.Debug|Any CPU.Build.0 = Debug|Any CPU
		{9CCFE83C-9BDE-4FF6-89AD-BCCD82B5DBDC}.Release|Any CPU.ActiveCfg = Release|Any CPU
		{9CCFE83C-9BDE-4FF6-89AD-BCCD82B5DBDC}.Release|Any CPU.Build.0 = Release|Any CPU
		{02E7382D-64F9-40C2-8B93-A7DDB5D00155}.Debug|Any CPU.ActiveCfg = Debug|Any CPU
		{02E7382D-64F9-40C2-8B93-A7DDB5D00155}.Debug|Any CPU.Build.0 = Debug|Any CPU
		{02E7382D-64F9-40C2-8B93-A7DDB5D00155}.Release|Any CPU.ActiveCfg = Release|Any CPU
		{02E7382D-64F9-40C2-8B93-A7DDB5D00155}.Release|Any CPU.Build.0 = Release|Any CPU
		{EFF509DF-0F99-49A2-91AC-674AC48AE622}.Debug|Any CPU.ActiveCfg = Debug|Any CPU
		{EFF509DF-0F99-49A2-91AC-674AC48AE622}.Debug|Any CPU.Build.0 = Debug|Any CPU
		{EFF509DF-0F99-49A2-91AC-674AC48AE622}.Release|Any CPU.ActiveCfg = Release|Any CPU
		{EFF509DF-0F99-49A2-91AC-674AC48AE622}.Release|Any CPU.Build.0 = Release|Any CPU
		{4DAF0D87-79F5-4454-8015-4B20EB046AD3}.Debug|Any CPU.ActiveCfg = Debug|Any CPU
		{4DAF0D87-79F5-4454-8015-4B20EB046AD3}.Debug|Any CPU.Build.0 = Debug|Any CPU
		{4DAF0D87-79F5-4454-8015-4B20EB046AD3}.Release|Any CPU.ActiveCfg = Release|Any CPU
		{4DAF0D87-79F5-4454-8015-4B20EB046AD3}.Release|Any CPU.Build.0 = Release|Any CPU
	EndGlobalSection
	GlobalSection(SolutionProperties) = preSolution
		HideSolutionNode = FALSE
	EndGlobalSection
	GlobalSection(NestedProjects) = preSolution
		{9CCFE83C-9BDE-4FF6-89AD-BCCD82B5DBDC} = {40F15A36-959E-48E9-AAA3-B1521A519747}
		{02E7382D-64F9-40C2-8B93-A7DDB5D00155} = {40F15A36-959E-48E9-AAA3-B1521A519747}
		{EFF509DF-0F99-49A2-91AC-674AC48AE622} = {40F15A36-959E-48E9-AAA3-B1521A519747}
		{4DAF0D87-79F5-4454-8015-4B20EB046AD3} = {40F15A36-959E-48E9-AAA3-B1521A519747}
	EndGlobalSection
	GlobalSection(ExtensibilityGlobals) = postSolution
		SolutionGuid = {1E3D5D5E-416B-4887-B32A-831BDFD559D9}
	EndGlobalSection
EndGlobal
